{
  "nodes": {
    "albatros": {
      "inputs": {
        "flake-utils": "flake-utils",
        "nixpkgs": "nixpkgs"
      },
      "locked": {
        "lastModified": 1684830446,
        "narHash": "sha256-jyYwYYNKSe40Y9OirIkeFTvTvqNj0NErh4TNBJmujw4=",
        "ref": "main",
        "rev": "fb80c5d6734044ca7718989a3b36503b9463f1b2",
        "revCount": 81,
        "type": "git",
        "url": "https://git.deuxfleurs.fr/Deuxfleurs/albatros.git"
      },
      "original": {
        "ref": "main",
        "type": "git",
        "url": "https://git.deuxfleurs.fr/Deuxfleurs/albatros.git"
      }
    },
    "cargo2nix": {
      "inputs": {
        "flake-compat": "flake-compat",
        "flake-utils": [
          "flake-utils"
        ],
        "nixpkgs": [
          "nixpkgs"
        ],
        "rust-overlay": [
          "rust-overlay"
        ]
      },
      "locked": {
        "lastModified": 1788439742,
        "narHash": "sha256-MQHxVZoGWIVV3PJGPWUcL71AeyZ2YpZVkL+ovojwkkU=",
        "owner": "superboum",
        "repo": "cargo2nix",
        "rev": "30682d5c814c81086bb997f6117f169829c7b30a",
        "type": "github"
      },
      "original": {
        "owner": "superboum",
        "repo": "cargo2nix",
        "type": "github"
      }
    },
    "flake-compat": {
      "flake": false,
      "locked": {
        "lastModified": 1696426674,
        "narHash": "sha256-kvjfFW7WAETZlt09AgDn1MrtKzP7t90Vf7vypd3OL1U=",
        "owner": "edolstra",
        "repo": "flake-compat",
        "rev": "0f9255e01c2351cc7d116c072cb317785dd33b33",
        "type": "github"
      },
      "original": {
        "owner": "edolstra",
        "repo": "flake-compat",
        "type": "github"
      }
    },
    "flake-utils": {
      "inputs": {
        "systems": "systems"
      },
      "locked": {
        "lastModified": 1681202837,
        "narHash": "sha256-H+Rh19JDwRtpVPAWp64F+rlEtxUWBAQW28eAi3SRSzg=",
        "owner": "numtide",
        "repo": "flake-utils",
        "rev": "cfacdce06f30d2b68473a46042957675eebb3401",
        "type": "github"
      },
      "original": {
        "owner": "numtide",
        "repo": "flake-utils",
        "type": "github"
      }
    },
    "flake-utils_2": {
      "inputs": {
        "systems": "systems_2"
      },
      "locked": {
        "lastModified": 1731533236,
        "narHash": "sha256-l0KFg5HjrsfsO/JpG+r7fRrqm12kzFHyUHqHCVpMMbI=",
        "owner": "numtide",
        "repo": "flake-utils",
        "rev": "11707dc2f618dd54ca8739b309ec4fc024de578b",
        "type": "github"
      },
      "original": {
        "owner": "numtide",
        "repo": "flake-utils",
        "type": "github"
      }
    },
    "nixpkgs": {
      "locked": {
        "lastModified": 1678964307,
        "narHash": "sha256-POV15raLJzwns6U84W4aWNSeSJRXTz7xWQW6IcrWQns=",
        "owner": "NixOS",
        "repo": "nixpkgs",
        "rev": "fd4f7832961053e6095af8de8d6a57b5ad402f19",
        "type": "github"
      },
      "original": {
        "owner": "NixOS",
        "repo": "nixpkgs",
        "type": "github"
      }
    },
    "nixpkgs_2": {
      "locked": {
        "lastModified": 1786554182,
        "narHash": "sha256-CsJ0V0bUBzEsZOx6kEbTiSDTvtdUMytFeaicwdXOVIo=",
        "owner": "NixOS",
        "repo": "nixpkgs",
        "rev": "e84c3fda6cdbb0795bd25a50e21a2ae8507c9d6a",
        "type": "github"
      },
      "original": {
        "owner": "NixOS",
        "ref": "master",
        "repo": "nixpkgs",
        "type": "github"
      }
    },
    "root": {
      "inputs": {
        "albatros": "albatros",
        "cargo2nix": "cargo2nix",
        "flake-utils": "flake-utils_2",
        "nixpkgs": "nixpkgs_2",
        "rust-overlay": "rust-overlay"
      }
    },
    "rust-overlay": {
      "inputs": {
        "nixpkgs": [
          "nixpkgs"
        ]
      },
      "locked": {
        "lastModified": 1786507911,
        "narHash": "sha256-w5aZRLbiu7H6TqsYXVMdRKg0S4DRaJpxyqxx86AwxVk=",
        "owner": "oxalica",
        "repo": "rust-overlay",
        "rev": "39db48099ad16834af7e27485a4babf9c28b3897",
        "type": "github"
      },
      "original": {
        "owner": "oxalica",
        "repo": "rust-overlay",
        "type": "github"
      }
    },
    "systems": {
      "locked": {
        "lastModified": 1681028828,
        "narHash": "sha256-Vy1rq5AaRuLzOxct8nz4T6wlgyUR7zLU309k9mBC768=",
        "owner": "nix-systems",
        "repo": "default",
        "rev": "da67096a3b9bf56a91d16901293e51ba5b49a27e",
        "type": "github"
      },
      "original": {
        "owner": "nix-systems",
        "repo": "default",
        "type": "github"
      }
    },
    "systems_2": {
      "locked": {
        "lastModified": 1681028828,
        "narHash": "sha256-Vy1rq5AaRuLzOxct8nz4T6wlgyUR7zLU309k9mBC768=",
        "owner": "nix-systems",
        "repo": "default",
        "rev": "da67096a3b9bf56a91d16901293e51ba5b49a27e",
        "type": "github"
      },
      "original": {
        "owner": "nix-systems",
        "repo": "default",
        "type": "github"
      }
    }
  },
  "root": "root",
  "version": 7
}
